// !$*UTF8*$!
{
	archiveVersion = 1;
	classes = {
	};
	objectVersion = 77;
	objects = {

/* Begin PBXBuildFile section */
		B2590CF72DDE32CF008F12AB /* SWXMLHash in Frameworks */ = {isa = PBXBuildFile; productRef = B2590CF62DDE32CF008F12AB /* SWXMLHash */; };
		B2590CF92DDE32F8008F12AB /* SWXMLHash in Frameworks */ = {isa = PBXBuildFile; productRef = B2590CF82DDE32F8008F12AB /* SWXMLHash */; };
		B2590CFB2DDE3309008F12AB /* SWXMLHash in Frameworks */ = {isa = PBXBuildFile; productRef = B2590CFA2DDE3309008F12AB /* SWXMLHash */; };
		B28F6C8C2DDA11D6003983BC /* SwiftSoup in Frameworks */ = {isa = PBXBuildFile; productRef = B28F6C8B2DDA11D6003983BC /* SwiftSoup */; };
/* End PBXBuildFile section */

/* Begin PBXContainerItemProxy section */
		B28F6C662DDA10CC003983BC /* PBXContainerItemProxy */ = {
			isa = PBXContainerItemProxy;
			containerPortal = B28F6C502DDA10CB003983BC /* Project object */;
			proxyType = 1;
			remoteGlobalIDString = B28F6C572DDA10CB003983BC;
			remoteInfo = GiaVang_Bac;
		};
		B28F6C702DDA10CC003983BC /* PBXContainerItemProxy */ = {
			isa = PBXContainerItemProxy;
			containerPortal = B28F6C502DDA10CB003983BC /* Project object */;
			proxyType = 1;
			remoteGlobalIDString = B28F6C572DDA10CB003983BC;
			remoteInfo = GiaVang_Bac;
		};
/* End PBXContainerItemProxy section */

/* Begin PBXFileReference section */
		B28F6C582DDA10CB003983BC /* GiaVang_Bac.app */ = {isa = PBXFileReference; explicitFileType = wrapper.application; includeInIndex = 0; path = GiaVang_Bac.app; sourceTree = BUILT_PRODUCTS_DIR; };
		B28F6C652DDA10CC003983BC /* GiaVang_BacTests.xctest */ = {isa = PBXFileReference; explicitFileType = wrapper.cfbundle; includeInIndex = 0; path = GiaVang_BacTests.xctest; sourceTree = BUILT_PRODUCTS_DIR; };
		B28F6C6F2DDA10CC003983BC /* GiaVang_BacUITests.xctest */ = {isa = PBXFileReference; explicitFileType = wrapper.cfbundle; includeInIndex = 0; path = GiaVang_BacUITests.xctest; sourceTree = BUILT_PRODUCTS_DIR; };
/* End PBXFileReference section */

/* Begin PBXFileSystemSynchronizedRootGroup section */
		B28F6C5A2DDA10CB003983BC /* GiaVang_Bac */ = {
			isa = PBXFileSystemSynchronizedRootGroup;
			path = GiaVang_Bac;
			sourceTree = "<group>";
		};
		B28F6C682DDA10CC003983BC /* GiaVang_BacTests */ = {
			isa = PBXFileSystemSynchronizedRootGroup;
			path = GiaVang_BacTests;
			sourceTree = "<group>";
		};
		B28F6C722DDA10CC003983BC /* GiaVang_BacUITests */ = {
			isa = PBXFileSystemSynchronizedRootGroup;
			path = GiaVang_BacUITests;
			sourceTree = "<group>";
		};
/* End PBXFileSystemSynchronizedRootGroup section */

/* Begin PBXFrameworksBuildPhase section */
		B28F6C552DDA10CB003983BC /* Frameworks */ = {
			isa = PBXFrameworksBuildPhase;
			buildActionMask = 2147483647;
			files = (
				B2590CF72DDE32CF008F12AB /* SWXMLHash in Frameworks */,
				B28F6C8C2DDA11D6003983BC /* SwiftSoup in Frameworks */,
			);
			runOnlyForDeploymentPostprocessing = 0;
		};
		B28F6C622DDA10CC003983BC /* Frameworks */ = {
			isa = PBXFrameworksBuildPhase;
			buildActionMask = 2147483647;
			files = (
				B2590CF92DDE32F8008F12AB /* SWXMLHash in Frameworks */,
			);
			runOnlyForDeploymentPostprocessing = 0;
		};
		B28F6C6C2DDA10CC003983BC /* Frameworks */ = {
			isa = PBXFrameworksBuildPhase;
			buildActionMask = 2147483647;
			files = (
				B2590CFB2DDE3309008F12AB /* SWXMLHash in Frameworks */,
			);
			runOnlyForDeploymentPostprocessing = 0;
		};
/* End PBXFrameworksBuildPhase section */

/* Begin PBXGroup section */
		B28F6C4F2DDA10CB003983BC = {
			isa = PBXGroup;
			children = (
				B28F6C5A2DDA10CB003983BC /* GiaVang_Bac */,
				B28F6C682DDA10CC003983BC /* GiaVang_BacTests */,
				B28F6C722DDA10CC003983BC /* GiaVang_BacUITests */,
				B28F6C592DDA10CB003983BC /* Products */,
			);
			sourceTree = "<group>";
		};
		B28F6C592DDA10CB003983BC /* Products */ = {
			isa = PBXGroup;
			children = (
				B28F6C582DDA10CB003983BC /* GiaVang_Bac.app */,
				B28F6C652DDA10CC003983BC /* GiaVang_BacTests.xctest */,
				B28F6C6F2DDA10CC003983BC /* GiaVang_BacUITests.xctest */,
			);
			name = Products;
			sourceTree = "<group>";
		};
/* End PBXGroup section */

/* Begin PBXNativeTarget section */
		B28F6C572DDA10CB003983BC /* GiaVang_Bac */ = {
			isa = PBXNativeTarget;
			buildConfigurationList = B28F6C792DDA10CC003983BC /* Build configuration list for PBXNativeTarget "GiaVang_Bac" */;
			buildPhases = (
				B28F6C542DDA10CB003983BC /* Sources */,
				B28F6C552DDA10CB003983BC /* Frameworks */,
				B28F6C562DDA10CB003983BC /* Resources */,
			);
			buildRules = (
			);
			dependencies = (
			);
			fileSystemSynchronizedGroups = (
				B28F6C5A2DDA10CB003983BC /* GiaVang_Bac */,
			);
			name = GiaVang_Bac;
			packageProductDependencies = (
				B28F6C8B2DDA11D6003983BC /* SwiftSoup */,
				B2590CF62DDE32CF008F12AB /* SWXMLHash */,
			);
			productName = GiaVang_Bac;
			productReference = B28F6C582DDA10CB003983BC /* GiaVang_Bac.app */;
			productType = "com.apple.product-type.application";
		};
		B28F6C642DDA10CC003983BC /* GiaVang_BacTests */ = {
			isa = PBXNativeTarget;
			buildConfigurationList = B28F6C7C2DDA10CC003983BC /* Build configuration list for PBXNativeTarget "GiaVang_BacTests" */;
			buildPhases = (
				B28F6C612DDA10CC003983BC /* Sources */,
				B28F6C622DDA10CC003983BC /* Frameworks */,
				B28F6C632DDA10CC003983BC /* Resources */,
			);
			buildRules = (
			);
			dependencies = (
				B28F6C672DDA10CC003983BC /* PBXTargetDependency */,
			);
			fileSystemSynchronizedGroups = (
				B28F6C682DDA10CC003983BC /* GiaVang_BacTests */,
			);
			name = GiaVang_BacTests;
			packageProductDependencies = (
				B2590CF82DDE32F8008F12AB /* SWXMLHash */,
			);
			productName = GiaVang_BacTests;
			productReference = B28F6C652DDA10CC003983BC /* GiaVang_BacTests.xctest */;
			productType = "com.apple.product-type.bundle.unit-test";
		};
		B28F6C6E2DDA10CC003983BC /* GiaVang_BacUITests */ = {
			isa = PBXNativeTarget;
			buildConfigurationList = B28F6C7F2DDA10CC003983BC /* Build configuration list for PBXNativeTarget "GiaVang_BacUITests" */;
			buildPhases = (
				B28F6C6B2DDA10CC003983BC /* Sources */,
				B28F6C6C2DDA10CC003983BC /* Frameworks */,
				B28F6C6D2DDA10CC003983BC /* Resources */,
			);
			buildRules = (
			);
			dependencies = (
				B28F6C712DDA10CC003983BC /* PBXTargetDependency */,
			);
			fileSystemSynchronizedGroups = (
				B28F6C722DDA10CC003983BC /* GiaVang_BacUITests */,
			);
			name = GiaVang_BacUITests;
			packageProductDependencies = (
				B2590CFA2DDE3309008F12AB /* SWXMLHash */,
			);
			productName = GiaVang_BacUITests;
			productReference = B28F6C6F2DDA10CC003983BC /* GiaVang_BacUITests.xctest */;
			productType = "com.apple.product-type.bundle.ui-testing";
		};
/* End PBXNativeTarget section */

/* Begin PBXProject section */
		B28F6C502DDA10CB003983BC /* Project object */ = {
			isa = PBXProject;
			attributes = {
				BuildIndependentTargetsInParallel = 1;
				LastSwiftUpdateCheck = 1630;
				LastUpgradeCheck = 1630;
				TargetAttributes = {
					B28F6C572DDA10CB003983BC = {
						CreatedOnToolsVersion = 16.3;
					};
					B28F6C642DDA10CC003983BC = {
						CreatedOnToolsVersion = 16.3;
						TestTargetID = B28F6C572DDA10CB003983BC;
					};
					B28F6C6E2DDA10CC003983BC = {
						CreatedOnToolsVersion = 16.3;
						TestTargetID = B28F6C572DDA10CB003983BC;
					};
				};
			};
			buildConfigurationList = B28F6C532DDA10CB003983BC /* Build configuration list for PBXProject "GiaVang_Bac" */;
			developmentRegion = en;
			hasScannedForEncodings = 0;
			knownRegions = (
				en,
				Base,
			);
			mainGroup = B28F6C4F2DDA10CB003983BC;
			minimizedProjectReferenceProxies = 1;
			packageReferences = (
				B28F6C822DDA1105003983BC /* XCRemoteSwiftPackageReference "SwiftSoup" */,
				B2590CF52DDE3252008F12AB /* XCRemoteSwiftPackageReference "SWXMLHash" */,
			);
			preferredProjectObjectVersion = 77;
			productRefGroup = B28F6C592DDA10CB003983BC /* Products */;
			projectDirPath = "";
			projectRoot = "";
			targets = (
				B28F6C572DDA10CB003983BC /* GiaVang_Bac */,
				B28F6C642DDA10CC003983BC /* GiaVang_BacTests */,
				B28F6C6E2DDA10CC003983BC /* GiaVang_BacUITests */,
			);
		};
/* End PBXProject section */

/* Begin PBXResourcesBuildPhase section */
		B28F6C562DDA10CB003983BC /* Resources */ = {
			isa = PBXResourcesBuildPhase;
			buildActionMask = 2147483647;
			files = (
			);
			runOnlyForDeploymentPostprocessing = 0;
		};
		B28F6C632DDA10CC003983BC /* Resources */ = {
			isa = PBXResourcesBuildPhase;
			buildActionMask = 2147483647;
			files = (
			);
			runOnlyForDeploymentPostprocessing = 0;
		};
		B28F6C6D2DDA10CC003983BC /* Resources */ = {
			isa = PBXResourcesBuildPhase;
			buildActionMask = 2147483647;
			files = (
			);
			runOnlyForDeploymentPostprocessing = 0;
		};
/* End PBXResourcesBuildPhase section */

/* Begin PBXSourcesBuildPhase section */
		B28F6C542DDA10CB003983BC /* Sources */ = {
			isa = PBXSourcesBuildPhase;
			buildActionMask = 2147483647;
			files = (
			);
			runOnlyForDeploymentPostprocessing = 0;
		};
		B28F6C612DDA10CC003983BC /* Sources */ = {
			isa = PBXSourcesBuildPhase;
			buildActionMask = 2147483647;
			files = (
			);
			runOnlyForDeploymentPostprocessing = 0;
		};
		B28F6C6B2DDA10CC003983BC /* Sources */ = {
			isa = PBXSourcesBuildPhase;
			buildActionMask = 2147483647;
			files = (
			);
			runOnlyForDeploymentPostprocessing = 0;
		};
/* End PBXSourcesBuildPhase section */

/* Begin PBXTargetDependency section */
		B28F6C672DDA10CC003983BC /* PBXTargetDependency */ = {
			isa = PBXTargetDependency;
			target = B28F6C572DDA10CB003983BC /* GiaVang_Bac */;
			targetProxy = B28F6C662DDA10CC003983BC /* PBXContainerItemProxy */;
		};
		B28F6C712DDA10CC003983BC /* PBXTargetDependency */ = {
			isa = PBXTargetDependency;
			target = B28F6C572DDA10CB003983BC /* GiaVang_Bac */;
			targetProxy = B28F6C702DDA10CC003983BC /* PBXContainerItemProxy */;
		};
/* End PBXTargetDependency section */

/* Begin XCBuildConfiguration section */
		B28F6C772DDA10CC003983BC /* Debug */ = {
			isa = XCBuildConfiguration;
			buildSettings = {
				ALWAYS_SEARCH_USER_PATHS = NO;
				ASSETCATALOG_COMPILER_GENERATE_SWIFT_ASSET_SYMBOL_EXTENSIONS = YES;
				CLANG_ANALYZER_NONNULL = YES;
				CLANG_ANALYZER_NUMBER_OBJECT_CONVERSION = YES_AGGRESSIVE;
				CLANG_CXX_LANGUAGE_STANDARD = "gnu++20";
				CLANG_ENABLE_MODULES = YES;
				CLANG_ENABLE_OBJC_ARC = YES;
				CLANG_ENABLE_OBJC_WEAK = YES;
				CLANG_WARN_BLOCK_CAPTURE_AUTORELEASING = YES;
				CLANG_WARN_BOOL_CONVERSION = YES;
				CLANG_WARN_COMMA = YES;
				CLANG_WARN_CONSTANT_CONVERSION = YES;
				CLANG_WARN_DEPRECATED_OBJC_IMPLEMENTATIONS = YES;
				CLANG_WARN_DIRECT_OBJC_ISA_USAGE = YES_ERROR;
				CLANG_WARN_DOCUMENTATION_COMMENTS = YES;
				CLANG_WARN_EMPTY_BODY = YES;
				CLANG_WARN_ENUM_CONVERSION = YES;
				CLANG_WARN_INFINITE_RECURSION = YES;
				CLANG_WARN_INT_CONVERSION = YES;
				CLANG_WARN_NON_LITERAL_NULL_CONVERSION = YES;
				CLANG_WARN_OBJC_IMPLICIT_RETAIN_SELF = YES;
				CLANG_WARN_OBJC_LITERAL_CONVERSION = YES;
				CLANG_WARN_OBJC_ROOT_CLASS = YES_ERROR;
				CLANG_WARN_QUOTED_INCLUDE_IN_FRAMEWORK_HEADER = YES;
				CLANG_WARN_RANGE_LOOP_ANALYSIS = YES;
				CLANG_WARN_STRICT_PROTOTYPES = YES;
				CLANG_WARN_SUSPICIOUS_MOVE = YES;
				CLANG_WARN_UNGUARDED_AVAILABILITY = YES_AGGRESSIVE;
				CLANG_WARN_UNREACHABLE_CODE = YES;
				CLANG_WARN__DUPLICATE_METHOD_MATCH = YES;
				COPY_PHASE_STRIP = NO;
				DEBUG_INFORMATION_FORMAT = dwarf;
				ENABLE_STRICT_OBJC_MSGSEND = YES;
				ENABLE_TESTABILITY = YES;
				ENABLE_USER_SCRIPT_SANDBOXING = YES;
				GCC_C_LANGUAGE_STANDARD = gnu17;
				GCC_DYNAMIC_NO_PIC = NO;
				GCC_NO_COMMON_BLOCKS = YES;
				GCC_OPTIMIZATION_LEVEL = 0;
				GCC_PREPROCESSOR_DEFINITIONS = (
					"DEBUG=1",
					"$(inherited)",
				);
				GCC_WARN_64_TO_32_BIT_CONVERSION = YES;
				GCC_WARN_ABOUT_RETURN_TYPE = YES_ERROR;
				GCC_WARN_UNDECLARED_SELECTOR = YES;
				GCC_WARN_UNINITIALIZED_AUTOS = YES_AGGRESSIVE;
				GCC_WARN_UNUSED_FUNCTION = YES;
				GCC_WARN_UNUSED_VARIABLE = YES;
				IPHONEOS_DEPLOYMENT_TARGET = 16.6;
				LOCALIZATION_PREFERS_STRING_CATALOGS = YES;
				MTL_ENABLE_DEBUG_INFO = INCLUDE_SOURCE;
				MTL_FAST_MATH = YES;
				ONLY_ACTIVE_ARCH = YES;
				SDKROOT = iphoneos;
				SWIFT_ACTIVE_COMPILATION_CONDITIONS = "DEBUG $(inherited)";
				SWIFT_OPTIMIZATION_LEVEL = "-Onone";
			};
			name = Debug;
		};
		B28F6C782DDA10CC003983BC /* Release */ = {
			isa = XCBuildConfiguration;
			buildSettings = {
				ALWAYS_SEARCH_USER_PATHS = NO;
				ASSETCATALOG_COMPILER_GENERATE_SWIFT_ASSET_SYMBOL_EXTENSIONS = YES;
				CLANG_ANALYZER_NONNULL = YES;
				CLANG_ANALYZER_NUMBER_OBJECT_CONVERSION = YES_AGGRESSIVE;
				CLANG_CXX_LANGUAGE_STANDARD = "gnu++20";
				CLANG_ENABLE_MODULES = YES;
				CLANG_ENABLE_OBJC_ARC = YES;
				CLANG_ENABLE_OBJC_WEAK = YES;
				CLANG_WARN_BLOCK_CAPTURE_AUTORELEASING = YES;
				CLANG_WARN_BOOL_CONVERSION = YES;
				CLANG_WARN_COMMA = YES;
				CLANG_WARN_CONSTANT_CONVERSION = YES;
				CLANG_WARN_DEPRECATED_OBJC_IMPLEMENTATIONS = YES;
				CLANG_WARN_DIRECT_OBJC_ISA_USAGE = YES_ERROR;
				CLANG_WARN_DOCUMENTATION_COMMENTS = YES;
				CLANG_WARN_EMPTY_BODY = YES;
				CLANG_WARN_ENUM_CONVERSION = YES;
				CLANG_WARN_INFINITE_RECURSION = YES;
				CLANG_WARN_INT_CONVERSION = YES;
				CLANG_WARN_NON_LITERAL_NULL_CONVERSION = YES;
				CLANG_WARN_OBJC_IMPLICIT_RETAIN_SELF = YES;
				CLANG_WARN_OBJC_LITERAL_CONVERSION = YES;
				CLANG_WARN_OBJC_ROOT_CLASS = YES_ERROR;
				CLANG_WARN_QUOTED_INCLUDE_IN_FRAMEWORK_HEADER = YES;
				CLANG_WARN_RANGE_LOOP_ANALYSIS = YES;
				CLANG_WARN_STRICT_PROTOTYPES = YES;
				CLANG_WARN_SUSPICIOUS_MOVE = YES;
				CLANG_WARN_UNGUARDED_AVAILABILITY = YES_AGGRESSIVE;
				CLANG_WARN_UNREACHABLE_CODE = YES;
				CLANG_WARN__DUPLICATE_METHOD_MATCH = YES;
				COPY_PHASE_STRIP = NO;
				DEBUG_INFORMATION_FORMAT = "dwarf-with-dsym";
				ENABLE_NS_ASSERTIONS = NO;
				ENABLE_STRICT_OBJC_MSGSEND = YES;
				ENABLE_USER_SCRIPT_SANDBOXING = YES;
				GCC_C_LANGUAGE_STANDARD = gnu17;
				GCC_NO_COMMON_BLOCKS = YES;
				GCC_WARN_64_TO_32_BIT_CONVERSION = YES;
				GCC_WARN_ABOUT_RETURN_TYPE = YES_ERROR;
				GCC_WARN_UNDECLARED_SELECTOR = YES;
				GCC_WARN_UNINITIALIZED_AUTOS = YES_AGGRESSIVE;
				GCC_WARN_UNUSED_FUNCTION = YES;
				GCC_WARN_UNUSED_VARIABLE = YES;
				IPHONEOS_DEPLOYMENT_TARGET = 16.6;
				LOCALIZATION_PREFERS_STRING_CATALOGS = YES;
				MTL_ENABLE_DEBUG_INFO = NO;
				MTL_FAST_MATH = YES;
				SDKROOT = iphoneos;
				SWIFT_COMPILATION_MODE = wholemodule;
				VALIDATE_PRODUCT = YES;
			};
			name = Release;
		};
		B28F6C7A2DDA10CC003983BC /* Debug */ = {
			isa = XCBuildConfiguration;
			buildSettings = {
				ASSETCATALOG_COMPILER_APPICON_NAME = AppIcon;
				ASSETCATALOG_COMPILER_GLOBAL_ACCENT_COLOR_NAME = AccentColor;
				CODE_SIGN_STYLE = Automatic;
				CURRENT_PROJECT_VERSION = 1;
				DEVELOPMENT_TEAM = 7AMNH4HJUS;
				ENABLE_PREVIEWS = YES;
				GENERATE_INFOPLIST_FILE = YES;
				INFOPLIST_FILE = "";
				INFOPLIST_KEY_UIApplicationSceneManifest_Generation = YES;
				INFOPLIST_KEY_UIApplicationSupportsIndirectInputEvents = YES;
				INFOPLIST_KEY_UILaunchScreen_Generation = YES;
				INFOPLIST_KEY_UISupportedInterfaceOrientations_iPad = "UIInterfaceOrientationPortrait UIInterfaceOrientationPortraitUpsideDown UIInterfaceOrientationLandscapeLeft UIInterfaceOrientationLandscapeRight";
				INFOPLIST_KEY_UISupportedInterfaceOrientations_iPhone = "UIInterfaceOrientationPortrait UIInterfaceOrientationLandscapeLeft UIInterfaceOrientationLandscapeRight";
				LD_RUNPATH_SEARCH_PATHS = (
					"$(inherited)",
					"@executable_path/Frameworks",
				);
				MARKETING_VERSION = 1.0;
				PRODUCT_BUNDLE_IDENTIFIER = "KhoaGa.GiaVang-Bac";
				PRODUCT_NAME = "$(TARGET_NAME)";
				SWIFT_EMIT_LOC_STRINGS = YES;
				SWIFT_VERSION = 5.0;
				TARGETED_DEVICE_FAMILY = "1,2";
			};
			name = Debug;
		};
		B28F6C7B2DDA10CC003983BC /* Release */ = {
			isa = XCBuildConfiguration;
			buildSettings = {
				ASSETCATALOG_COMPILER_APPICON_NAME = AppIcon;
				ASSETCATALOG_COMPILER_GLOBAL_ACCENT_COLOR_NAME = AccentColor;
				CODE_SIGN_STYLE = Automatic;
				CURRENT_PROJECT_VERSION = 1;
				DEVELOPMENT_TEAM = 7AMNH4HJUS;
				ENABLE_PREVIEWS = YES;
				GENERATE_INFOPLIST_FILE = YES;
				INFOPLIST_FILE = "";
				INFOPLIST_KEY_UIApplicationSceneManifest_Generation = YES;
				INFOPLIST_KEY_UIApplicationSupportsIndirectInputEvents = YES;
				INFOPLIST_KEY_UILaunchScreen_Generation = YES;
				INFOPLIST_KEY_UISupportedInterfaceOrientations_iPad = "UIInterfaceOrientationPortrait UIInterfaceOrientationPortraitUpsideDown UIInterfaceOrientationLandscapeLeft UIInterfaceOrientationLandscapeRight";
				INFOPLIST_KEY_UISupportedInterfaceOrientations_iPhone = "UIInterfaceOrientationPortrait UIInterfaceOrientationLandscapeLeft UIInterfaceOrientationLandscapeRight";
				LD_RUNPATH_SEARCH_PATHS = (
					"$(inherited)",
					"@executable_path/Frameworks",
				);
				MARKETING_VERSION = 1.0;
				PRODUCT_BUNDLE_IDENTIFIER = "KhoaGa.GiaVang-Bac";
				PRODUCT_NAME = "$(TARGET_NAME)";
				SWIFT_EMIT_LOC_STRINGS = YES;
				SWIFT_VERSION = 5.0;
				TARGETED_DEVICE_FAMILY = "1,2";
			};
			name = Release;
		};
		B28F6C7D2DDA10CC003983BC /* Debug */ = {
			isa = XCBuildConfiguration;
			buildSettings = {
				BUNDLE_LOADER = "$(TEST_HOST)";
				CODE_SIGN_STYLE = Automatic;
				CURRENT_PROJECT_VERSION = 1;
				GENERATE_INFOPLIST_FILE = YES;
				IPHONEOS_DEPLOYMENT_TARGET = 18.4;
				MARKETING_VERSION = 1.0;
				PRODUCT_BUNDLE_IDENTIFIER = "KhoaGa.GiaVang-BacTests";
				PRODUCT_NAME = "$(TARGET_NAME)";
				SWIFT_EMIT_LOC_STRINGS = NO;
				SWIFT_VERSION = 5.0;
				TARGETED_DEVICE_FAMILY = "1,2";
				TEST_HOST = "$(BUILT_PRODUCTS_DIR)/GiaVang_Bac.app/$(BUNDLE_EXECUTABLE_FOLDER_PATH)/GiaVang_Bac";
			};
			name = Debug;
		};
		B28F6C7E2DDA10CC003983BC /* Release */ = {
			isa = XCBuildConfiguration;
			buildSettings = {
				BUNDLE_LOADER = "$(TEST_HOST)";
				CODE_SIGN_STYLE = Automatic;
				CURRENT_PROJECT_VERSION = 1;
				GENERATE_INFOPLIST_FILE = YES;
				IPHONEOS_DEPLOYMENT_TARGET = 18.4;
				MARKETING_VERSION = 1.0;
				PRODUCT_BUNDLE_IDENTIFIER = "KhoaGa.GiaVang-BacTests";
				PRODUCT_NAME = "$(TARGET_NAME)";
				SWIFT_EMIT_LOC_STRINGS = NO;
				SWIFT_VERSION = 5.0;
				TARGETED_DEVICE_FAMILY = "1,2";
				TEST_HOST = "$(BUILT_PRODUCTS_DIR)/GiaVang_Bac.app/$(BUNDLE_EXECUTABLE_FOLDER_PATH)/GiaVang_Bac";
			};
			name = Release;
		};
		B28F6C802DDA10CC003983BC /* Debug */ = {
			isa = XCBuildConfiguration;
			buildSettings = {
				CODE_SIGN_STYLE = Automatic;
				CURRENT_PROJECT_VERSION = 1;
				GENERATE_INFOPLIST_FILE = YES;
				MARKETING_VERSION = 1.0;
				PRODUCT_BUNDLE_IDENTIFIER = "KhoaGa.GiaVang-BacUITests";
				PRODUCT_NAME = "$(TARGET_NAME)";
				SWIFT_EMIT_LOC_STRINGS = NO;
				SWIFT_VERSION = 5.0;
				TARGETED_DEVICE_FAMILY = "1,2";
				TEST_TARGET_NAME = GiaVang_Bac;
			};
			name = Debug;
		};
		B28F6C812DDA10CC003983BC /* Release */ = {
			isa = XCBuildConfiguration;
			buildSettings = {
				CODE_SIGN_STYLE = Automatic;
				CURRENT_PROJECT_VERSION = 1;
				GENERATE_INFOPLIST_FILE = YES;
				MARKETING_VERSION = 1.0;
				PRODUCT_BUNDLE_IDENTIFIER = "KhoaGa.GiaVang-BacUITests";
				PRODUCT_NAME = "$(TARGET_NAME)";
				SWIFT_EMIT_LOC_STRINGS = NO;
				SWIFT_VERSION = 5.0;
				TARGETED_DEVICE_FAMILY = "1,2";
				TEST_TARGET_NAME = GiaVang_Bac;
			};
			name = Release;
		};
/* End XCBuildConfiguration section */

/* Begin XCConfigurationList section */
		B28F6C532DDA10CB003983BC /* Build configuration list for PBXProject "GiaVang_Bac" */ = {
			isa = XCConfigurationList;
			buildConfigurations = (
				B28F6C772DDA10CC003983BC /* Debug */,
				B28F6C782DDA10CC003983BC /* Release */,
			);
			defaultConfigurationIsVisible = 0;
			defaultConfigurationName = Release;
		};
		B28F6C792DDA10CC003983BC /* Build configuration list for PBXNativeTarget "GiaVang_Bac" */ = {
			isa = XCConfigurationList;
			buildConfigurations = (
				B28F6C7A2DDA10CC003983BC /* Debug */,
				B28F6C7B2DDA10CC003983BC /* Release */,
			);
			defaultConfigurationIsVisible = 0;
			defaultConfigurationName = Release;
		};
		B28F6C7C2DDA10CC003983BC /* Build configuration list for PBXNativeTarget "GiaVang_BacTests" */ = {
			isa = XCConfigurationList;
			buildConfigurations = (
				B28F6C7D2DDA10CC003983BC /* Debug */,
				B28F6C7E2DDA10CC003983BC /* Release */,
			);
			defaultConfigurationIsVisible = 0;
			defaultConfigurationName = Release;
		};
		B28F6C7F2DDA10CC003983BC /* Build configuration list for PBXNativeTarget "GiaVang_BacUITests" */ = {
			isa = XCConfigurationList;
			buildConfigurations = (
				B28F6C802DDA10CC003983BC /* Debug */,
				B28F6C812DDA10CC003983BC /* Release */,
			);
			defaultConfigurationIsVisible = 0;
			defaultConfigurationName = Release;
		};
/* End XCConfigurationList section */

/* Begin XCRemoteSwiftPackageReference section */
		B2590CF52DDE3252008F12AB /* XCRemoteSwiftPackageReference "SWXMLHash" */ = {
			isa = XCRemoteSwiftPackageReference;
			repositoryURL = "https://github.com/drmohundro/SWXMLHash";
			requirement = {
				kind = upToNextMajorVersion;
				minimumVersion = 8.1.0;
			};
		};
		B28F6C822DDA1105003983BC /* XCRemoteSwiftPackageReference "SwiftSoup" */ = {
			isa = XCRemoteSwiftPackageReference;
			repositoryURL = "https://github.com/scinfu/SwiftSoup";
			requirement = {
				kind = upToNextMajorVersion;
				minimumVersion = 2.8.7;
			};
		};
/* End XCRemoteSwiftPackageReference section */

/* Begin XCSwiftPackageProductDependency section */
		B2590CF62DDE32CF008F12AB /* SWXMLHash */ = {
			isa = XCSwiftPackageProductDependency;
			package = B2590CF52DDE3252008F12AB /* XCRemoteSwiftPackageReference "SWXMLHash" */;
			productName = SWXMLHash;
		};
		B2590CF82DDE32F8008F12AB /* SWXMLHash */ = {
			isa = XCSwiftPackageProductDependency;
			package = B2590CF52DDE3252008F12AB /* XCRemoteSwiftPackageReference "SWXMLHash" */;
			productName = SWXMLHash;
		};
		B2590CFA2DDE3309008F12AB /* SWXMLHash */ = {
			isa = XCSwiftPackageProductDependency;
			package = B2590CF52DDE3252008F12AB /* XCRemoteSwiftPackageReference "SWXMLHash" */;
			productName = SWXMLHash;
		};
		B28F6C8B2DDA11D6003983BC /* SwiftSoup */ = {
			isa = XCSwiftPackageProductDependency;
			package = B28F6C822DDA1105003983BC /* XCRemoteSwiftPackageReference "SwiftSoup" */;
			productName = SwiftSoup;
		};
/* End XCSwiftPackageProductDependency section */
	};
	rootObject = B28F6C502DDA10CB003983BC /* Project object */;
}
